
Microsoft Visual Studio Solution File, Format Version 12.00
# Visual Studio Version 17
VisualStudioVersion = 17.2.32630.192
MinimumVisualStudioVersion = 10.0.40219.1
Project("{9A19103F-16F7-4668-BE54-9A1E7A4F7556}") = "CS_Dynamic_Interface", "CS_Dynamic_Interface\CS_Dynamic_Interface.csproj", "{23B1F8A4-DBAB-4D9D-8466-0AAFA561D29C}"
EndProject
Project("{9A19103F-16F7-4668-BE54-9A1E7A4F7556}") = "CS_Simple_Interface", "CS_Simple_Interface\CS_Simple_Interface.csproj", "{973B5A12-ABC3-4384-A25C-2377A4940657}"
EndProject
Project("{9A19103F-16F7-4668-BE54-9A1E7A4F7556}") = "CS_Gen_App", "CS_Gen_App\CS_Gen_App.csproj", "{E1381192-4E19-4546-878A-F52CA23A21A9}"
EndProject
Project("{9A19103F-16F7-4668-BE54-9A1E7A4F7556}") = "CS_Events", "CS_Events\CS_Events.csproj", "{EB06CE8F-C9D2-431A-88F4-8E2D5882AC3B}"
EndProject
Project("{9A19103F-16F7-4668-BE54-9A1E7A4F7556}") = "CS_Stream", "CS_Stream\CS_Stream.csproj", "{0B55E3C7-1B8F-49F7-AA31-6CEA37DD4556}"
EndProject
Project("{9A19103F-16F7-4668-BE54-9A1E7A4F7556}") = "CS_FIleStreamApp", "CS_FIleStreamApp\CS_FIleStreamApp.csproj", "{707F38D1-A06D-444C-B17E-26FB5DF330DE}"
EndProject
Project("{9A19103F-16F7-4668-BE54-9A1E7A4F7556}") = "File_Directory", "File_Directory\File_Directory.csproj", "{3F0B1813-F5D7-4964-AE63-DCEE696E2688}"
EndProject
Project("{9A19103F-16F7-4668-BE54-9A1E7A4F7556}") = "ImageApp", "ImageApp\ImageApp.csproj", "{F786FE0B-5BE6-4099-A294-87CFC0FAFB18}"
EndProject
Project("{9A19103F-16F7-4668-BE54-9A1E7A4F7556}") = "CSVFileApp", "CSVFileApp\CSVFileApp.csproj", "{6DCAA2DF-6410-41A2-BAE5-055427B30533}"
EndProject
Project("{9A19103F-16F7-4668-BE54-9A1E7A4F7556}") = "ThreadFirst", "ThreadFirst\ThreadFirst.csproj", "{FCBA6FB0-3BD5-4DE0-9671-D5BCD78BB5BD}"
EndProject
Project("{9A19103F-16F7-4668-BE54-9A1E7A4F7556}") = "MonitorPractice", "MonitorPractice\MonitorPractice.csproj", "{95997076-5DF1-47EE-8570-C56E965AFF49}"
EndProject
Project("{9A19103F-16F7-4668-BE54-9A1E7A4F7556}") = "ThreadApplication", "ThreadApplication\ThreadApplication.csproj", "{7E546B81-6458-4D31-B179-5D48F632B7BE}"
EndProject
Project("{9A19103F-16F7-4668-BE54-9A1E7A4F7556}") = "DictionaryThread", "DictionaryThread\DictionaryThread.csproj", "{7E6A122E-3ED1-4731-B65F-7D63FFEB913C}"
EndProject
Project("{9A19103F-16F7-4668-BE54-9A1E7A4F7556}") = "TaskApplication", "TaskApplication\TaskApplication.csproj", "{8855D328-155B-4FE8-8636-172D3DB08CE0}"
EndProject
Project("{9A19103F-16F7-4668-BE54-9A1E7A4F7556}") = "ConcurrentProject", "ConcurrentProject\ConcurrentProject.csproj", "{D59A7D41-D5F6-4114-A809-9166B2A81254}"
EndProject
Project("{9A19103F-16F7-4668-BE54-9A1E7A4F7556}") = "CS_SimleDataAccess", "CS_SimleDataAccess\CS_SimleDataAccess.csproj", "{424E4488-722F-448A-93C8-FBBD6948D4F8}"
EndProject
Project("{9A19103F-16F7-4668-BE54-9A1E7A4F7556}") = "cs_storedprocedure", "cs_storedprocedure\cs_storedprocedure.csproj", "{7550C3C4-FA4A-4C96-9599-F98A2EB5DBA1}"
EndProject
Project("{9A19103F-16F7-4668-BE54-9A1E7A4F7556}") = "CS_AdoDisconnected", "CS_AdoDisconnected\CS_AdoDisconnected.csproj", "{B2ACD6B3-E561-452F-ADE6-AC7EA2F29A39}"
EndProject
Project("{9A19103F-16F7-4668-BE54-9A1E7A4F7556}") = "CS_Dapper", "CS_Dapper\CS_Dapper.csproj", "{A3ED8D31-2081-4064-BE49-28693CA9E95D}"
EndProject
Project("{2150E333-8FDC-42A3-9474-1A3956D46DE8}") = "Ef_Core_Connected", "Ef_Core_Connected", "{DB4356FD-A460-4672-95CF-1D8DBD4D44A2}"
EndProject
Project("{9A19103F-16F7-4668-BE54-9A1E7A4F7556}") = "ConsoleApp1", "ConsoleApp1\ConsoleApp1.csproj", "{8F75E30B-4CE5-4DBE-B96C-3B5274652413}"
EndProject
Project("{9A19103F-16F7-4668-BE54-9A1E7A4F7556}") = "EfCoreProgramFirst", "EfCoreProgramFirst\EfCoreProgramFirst.csproj", "{88754664-0768-4CE0-A42B-61CD783F56D8}"
EndProject
Project("{9A19103F-16F7-4668-BE54-9A1E7A4F7556}") = "NorthWind_Assignment", "NorthWind_Assignment\NorthWind_Assignment.csproj", "{FC1FD8EC-AA00-4200-8450-C01E56C7ED15}"
EndProject
Project("{2150E333-8FDC-42A3-9474-1A3956D46DE8}") = "API-Connected", "API-Connected", "{34BD954A-DA52-4F17-B7EF-C00A13444F2A}"
EndProject
Project("{9A19103F-16F7-4668-BE54-9A1E7A4F7556}") = "API-APPS", "API-APPS\API-APPS.csproj", "{99C43C31-1161-47C4-A4C1-649D28A18A9C}"
EndProject
Project("{9A19103F-16F7-4668-BE54-9A1E7A4F7556}") = "API-APPS1", "API-APPS1\API-APPS1.csproj", "{2C0130BE-8FDA-46E9-8FD8-0F1550A3AD11}"
EndProject
Project("{9A19103F-16F7-4668-BE54-9A1E7A4F7556}") = "ApiConsumer1", "ApiConsumer1\ApiConsumer1.csproj", "{B25BEB5F-4951-4D8D-82B2-6DB3FD7ECFFF}"
EndProject
Project("{9A19103F-16F7-4668-BE54-9A1E7A4F7556}") = "NorthWindApi", "NorthWindApi\NorthWindApi.csproj", "{EE5EBD3C-D358-47D1-9603-4455C140581A}"
EndProject
Project("{9A19103F-16F7-4668-BE54-9A1E7A4F7556}") = "NorthwindConsumer", "NorthwindConsumer\NorthwindConsumer.csproj", "{FC20C4B2-C04D-4CF7-8863-C7C79BF76A7A}"
EndProject
Project("{2150E333-8FDC-42A3-9474-1A3956D46DE8}") = "MVCAPP1", "MVCAPP1", "{B7E46512-D920-4A48-9D0A-C5056E000F24}"
EndProject
Project("{FAE04EC0-301F-11D3-BF4B-00C04F79EFBC}") = "MVC_APPS1", "MVC_APPS1\MVC_APPS1.csproj", "{FA91D81E-595F-4176-AFEE-698DF7020FE6}"
EndProject
Project("{FAE04EC0-301F-11D3-BF4B-00C04F79EFBC}") = "MVCCore_OAS3Client", "MVCCore_OAS3Client\MVCCore_OAS3Client.csproj", "{53388340-9708-4A5A-8827-FD480C22AD45}"
EndProject
Global
	GlobalSection(SolutionConfigurationPlatforms) = preSolution
		Debug|Any CPU = Debug|Any CPU
		Release|Any CPU = Release|Any CPU
	EndGlobalSection
	GlobalSection(ProjectConfigurationPlatforms) = postSolution
		{23B1F8A4-DBAB-4D9D-8466-0AAFA561D29C}.Debug|Any CPU.ActiveCfg = Debug|Any CPU
		{23B1F8A4-DBAB-4D9D-8466-0AAFA561D29C}.Debug|Any CPU.Build.0 = Debug|Any CPU
		{23B1F8A4-DBAB-4D9D-8466-0AAFA561D29C}.Release|Any CPU.ActiveCfg = Release|Any CPU
		{23B1F8A4-DBAB-4D9D-8466-0AAFA561D29C}.Release|Any CPU.Build.0 = Release|Any CPU
		{973B5A12-ABC3-4384-A25C-2377A4940657}.Debug|Any CPU.ActiveCfg = Debug|Any CPU
		{973B5A12-ABC3-4384-A25C-2377A4940657}.Debug|Any CPU.Build.0 = Debug|Any CPU
		{973B5A12-ABC3-4384-A25C-2377A4940657}.Release|Any CPU.ActiveCfg = Release|Any CPU
		{973B5A12-ABC3-4384-A25C-2377A4940657}.Release|Any CPU.Build.0 = Release|Any CPU
		{E1381192-4E19-4546-878A-F52CA23A21A9}.Debug|Any CPU.ActiveCfg = Debug|Any CPU
		{E1381192-4E19-4546-878A-F52CA23A21A9}.Debug|Any CPU.Build.0 = Debug|Any CPU
		{E1381192-4E19-4546-878A-F52CA23A21A9}.Release|Any CPU.ActiveCfg = Release|Any CPU
		{E1381192-4E19-4546-878A-F52CA23A21A9}.Release|Any CPU.Build.0 = Release|Any CPU
		{EB06CE8F-C9D2-431A-88F4-8E2D5882AC3B}.Debug|Any CPU.ActiveCfg = Debug|Any CPU
		{EB06CE8F-C9D2-431A-88F4-8E2D5882AC3B}.Debug|Any CPU.Build.0 = Debug|Any CPU
		{EB06CE8F-C9D2-431A-88F4-8E2D5882AC3B}.Release|Any CPU.ActiveCfg = Release|Any CPU
		{EB06CE8F-C9D2-431A-88F4-8E2D5882AC3B}.Release|Any CPU.Build.0 = Release|Any CPU
		{0B55E3C7-1B8F-49F7-AA31-6CEA37DD4556}.Debug|Any CPU.ActiveCfg = Debug|Any CPU
		{0B55E3C7-1B8F-49F7-AA31-6CEA37DD4556}.Debug|Any CPU.Build.0 = Debug|Any CPU
		{0B55E3C7-1B8F-49F7-AA31-6CEA37DD4556}.Release|Any CPU.ActiveCfg = Release|Any CPU
		{0B55E3C7-1B8F-49F7-AA31-6CEA37DD4556}.Release|Any CPU.Build.0 = Release|Any CPU
		{707F38D1-A06D-444C-B17E-26FB5DF330DE}.Debug|Any CPU.ActiveCfg = Debug|Any CPU
		{707F38D1-A06D-444C-B17E-26FB5DF330DE}.Debug|Any CPU.Build.0 = Debug|Any CPU
		{707F38D1-A06D-444C-B17E-26FB5DF330DE}.Release|Any CPU.ActiveCfg = Release|Any CPU
		{707F38D1-A06D-444C-B17E-26FB5DF330DE}.Release|Any CPU.Build.0 = Release|Any CPU
		{3F0B1813-F5D7-4964-AE63-DCEE696E2688}.Debug|Any CPU.ActiveCfg = Debug|Any CPU
		{3F0B1813-F5D7-4964-AE63-DCEE696E2688}.Debug|Any CPU.Build.0 = Debug|Any CPU
		{3F0B1813-F5D7-4964-AE63-DCEE696E2688}.Release|Any CPU.ActiveCfg = Release|Any CPU
		{3F0B1813-F5D7-4964-AE63-DCEE696E2688}.Release|Any CPU.Build.0 = Release|Any CPU
		{F786FE0B-5BE6-4099-A294-87CFC0FAFB18}.Debug|Any CPU.ActiveCfg = Debug|Any CPU
		{F786FE0B-5BE6-4099-A294-87CFC0FAFB18}.Debug|Any CPU.Build.0 = Debug|Any CPU
		{F786FE0B-5BE6-4099-A294-87CFC0FAFB18}.Release|Any CPU.ActiveCfg = Release|Any CPU
		{F786FE0B-5BE6-4099-A294-87CFC0FAFB18}.Release|Any CPU.Build.0 = Release|Any CPU
		{6DCAA2DF-6410-41A2-BAE5-055427B30533}.Debug|Any CPU.ActiveCfg = Debug|Any CPU
		{6DCAA2DF-6410-41A2-BAE5-055427B30533}.Debug|Any CPU.Build.0 = Debug|Any CPU
		{6DCAA2DF-6410-41A2-BAE5-055427B30533}.Release|Any CPU.ActiveCfg = Release|Any CPU
		{6DCAA2DF-6410-41A2-BAE5-055427B30533}.Release|Any CPU.Build.0 = Release|Any CPU
		{FCBA6FB0-3BD5-4DE0-9671-D5BCD78BB5BD}.Debug|Any CPU.ActiveCfg = Debug|Any CPU
		{FCBA6FB0-3BD5-4DE0-9671-D5BCD78BB5BD}.Debug|Any CPU.Build.0 = Debug|Any CPU
		{FCBA6FB0-3BD5-4DE0-9671-D5BCD78BB5BD}.Release|Any CPU.ActiveCfg = Release|Any CPU
		{FCBA6FB0-3BD5-4DE0-9671-D5BCD78BB5BD}.Release|Any CPU.Build.0 = Release|Any CPU
		{95997076-5DF1-47EE-8570-C56E965AFF49}.Debug|Any CPU.ActiveCfg = Debug|Any CPU
		{95997076-5DF1-47EE-8570-C56E965AFF49}.Debug|Any CPU.Build.0 = Debug|Any CPU
		{95997076-5DF1-47EE-8570-C56E965AFF49}.Release|Any CPU.ActiveCfg = Release|Any CPU
		{95997076-5DF1-47EE-8570-C56E965AFF49}.Release|Any CPU.Build.0 = Release|Any CPU
		{7E546B81-6458-4D31-B179-5D48F632B7BE}.Debug|Any CPU.ActiveCfg = Debug|Any CPU
		{7E546B81-6458-4D31-B179-5D48F632B7BE}.Debug|Any CPU.Build.0 = Debug|Any CPU
		{7E546B81-6458-4D31-B179-5D48F632B7BE}.Release|Any CPU.ActiveCfg = Release|Any CPU
		{7E546B81-6458-4D31-B179-5D48F632B7BE}.Release|Any CPU.Build.0 = Release|Any CPU
		{7E6A122E-3ED1-4731-B65F-7D63FFEB913C}.Debug|Any CPU.ActiveCfg = Debug|Any CPU
		{7E6A122E-3ED1-4731-B65F-7D63FFEB913C}.Debug|Any CPU.Build.0 = Debug|Any CPU
		{7E6A122E-3ED1-4731-B65F-7D63FFEB913C}.Release|Any CPU.ActiveCfg = Release|Any CPU
		{7E6A122E-3ED1-4731-B65F-7D63FFEB913C}.Release|Any CPU.Build.0 = Release|Any CPU
		{8855D328-155B-4FE8-8636-172D3DB08CE0}.Debug|Any CPU.ActiveCfg = Debug|Any CPU
		{8855D328-155B-4FE8-8636-172D3DB08CE0}.Debug|Any CPU.Build.0 = Debug|Any CPU
		{8855D328-155B-4FE8-8636-172D3DB08CE0}.Release|Any CPU.ActiveCfg = Release|Any CPU
		{8855D328-155B-4FE8-8636-172D3DB08CE0}.Release|Any CPU.Build.0 = Release|Any CPU
		{D59A7D41-D5F6-4114-A809-9166B2A81254}.Debug|Any CPU.ActiveCfg = Debug|Any CPU
		{D59A7D41-D5F6-4114-A809-9166B2A81254}.Debug|Any CPU.Build.0 = Debug|Any CPU
		{D59A7D41-D5F6-4114-A809-9166B2A81254}.Release|Any CPU.ActiveCfg = Release|Any CPU
		{D59A7D41-D5F6-4114-A809-9166B2A81254}.Release|Any CPU.Build.0 = Release|Any CPU
		{424E4488-722F-448A-93C8-FBBD6948D4F8}.Debug|Any CPU.ActiveCfg = Debug|Any CPU
		{424E4488-722F-448A-93C8-FBBD6948D4F8}.Debug|Any CPU.Build.0 = Debug|Any CPU
		{424E4488-722F-448A-93C8-FBBD6948D4F8}.Release|Any CPU.ActiveCfg = Release|Any CPU
		{424E4488-722F-448A-93C8-FBBD6948D4F8}.Release|Any CPU.Build.0 = Release|Any CPU
		{7550C3C4-FA4A-4C96-9599-F98A2EB5DBA1}.Debug|Any CPU.ActiveCfg = Debug|Any CPU
		{7550C3C4-FA4A-4C96-9599-F98A2EB5DBA1}.Debug|Any CPU.Build.0 = Debug|Any CPU
		{7550C3C4-FA4A-4C96-9599-F98A2EB5DBA1}.Release|Any CPU.ActiveCfg = Release|Any CPU
		{7550C3C4-FA4A-4C96-9599-F98A2EB5DBA1}.Release|Any CPU.Build.0 = Release|Any CPU
		{B2ACD6B3-E561-452F-ADE6-AC7EA2F29A39}.Debug|Any CPU.ActiveCfg = Debug|Any CPU
		{B2ACD6B3-E561-452F-ADE6-AC7EA2F29A39}.Debug|Any CPU.Build.0 = Debug|Any CPU
		{B2ACD6B3-E561-452F-ADE6-AC7EA2F29A39}.Release|Any CPU.ActiveCfg = Release|Any CPU
		{B2ACD6B3-E561-452F-ADE6-AC7EA2F29A39}.Release|Any CPU.Build.0 = Release|Any CPU
		{A3ED8D31-2081-4064-BE49-28693CA9E95D}.Debug|Any CPU.ActiveCfg = Debug|Any CPU
		{A3ED8D31-2081-4064-BE49-28693CA9E95D}.Debug|Any CPU.Build.0 = Debug|Any CPU
		{A3ED8D31-2081-4064-BE49-28693CA9E95D}.Release|Any CPU.ActiveCfg = Release|Any CPU
		{A3ED8D31-2081-4064-BE49-28693CA9E95D}.Release|Any CPU.Build.0 = Release|Any CPU
		{8F75E30B-4CE5-4DBE-B96C-3B5274652413}.Debug|Any CPU.ActiveCfg = Debug|Any CPU
		{8F75E30B-4CE5-4DBE-B96C-3B5274652413}.Debug|Any CPU.Build.0 = Debug|Any CPU
		{8F75E30B-4CE5-4DBE-B96C-3B5274652413}.Release|Any CPU.ActiveCfg = Release|Any CPU
		{8F75E30B-4CE5-4DBE-B96C-3B5274652413}.Release|Any CPU.Build.0 = Release|Any CPU
		{88754664-0768-4CE0-A42B-61CD783F56D8}.Debug|Any CPU.ActiveCfg = Debug|Any CPU
		{88754664-0768-4CE0-A42B-61CD783F56D8}.Debug|Any CPU.Build.0 = Debug|Any CPU
		{88754664-0768-4CE0-A42B-61CD783F56D8}.Release|Any CPU.ActiveCfg = Release|Any CPU
		{88754664-0768-4CE0-A42B-61CD783F56D8}.Release|Any CPU.Build.0 = Release|Any CPU
		{FC1FD8EC-AA00-4200-8450-C01E56C7ED15}.Debug|Any CPU.ActiveCfg = Debug|Any CPU
		{FC1FD8EC-AA00-4200-8450-C01E56C7ED15}.Debug|Any CPU.Build.0 = Debug|Any CPU
		{FC1FD8EC-AA00-4200-8450-C01E56C7ED15}.Release|Any CPU.ActiveCfg = Release|Any CPU
		{FC1FD8EC-AA00-4200-8450-C01E56C7ED15}.Release|Any CPU.Build.0 = Release|Any CPU
		{99C43C31-1161-47C4-A4C1-649D28A18A9C}.Debug|Any CPU.ActiveCfg = Debug|Any CPU
		{99C43C31-1161-47C4-A4C1-649D28A18A9C}.Debug|Any CPU.Build.0 = Debug|Any CPU
		{99C43C31-1161-47C4-A4C1-649D28A18A9C}.Release|Any CPU.ActiveCfg = Release|Any CPU
		{99C43C31-1161-47C4-A4C1-649D28A18A9C}.Release|Any CPU.Build.0 = Release|Any CPU
		{2C0130BE-8FDA-46E9-8FD8-0F1550A3AD11}.Debug|Any CPU.ActiveCfg = Debug|Any CPU
		{2C0130BE-8FDA-46E9-8FD8-0F1550A3AD11}.Debug|Any CPU.Build.0 = Debug|Any CPU
		{2C0130BE-8FDA-46E9-8FD8-0F1550A3AD11}.Release|Any CPU.ActiveCfg = Release|Any CPU
		{2C0130BE-8FDA-46E9-8FD8-0F1550A3AD11}.Release|Any CPU.Build.0 = Release|Any CPU
		{B25BEB5F-4951-4D8D-82B2-6DB3FD7ECFFF}.Debug|Any CPU.ActiveCfg = Debug|Any CPU
		{B25BEB5F-4951-4D8D-82B2-6DB3FD7ECFFF}.Debug|Any CPU.Build.0 = Debug|Any CPU
		{B25BEB5F-4951-4D8D-82B2-6DB3FD7ECFFF}.Release|Any CPU.ActiveCfg = Release|Any CPU
		{B25BEB5F-4951-4D8D-82B2-6DB3FD7ECFFF}.Release|Any CPU.Build.0 = Release|Any CPU
		{EE5EBD3C-D358-47D1-9603-4455C140581A}.Debug|Any CPU.ActiveCfg = Debug|Any CPU
		{EE5EBD3C-D358-47D1-9603-4455C140581A}.Debug|Any CPU.Build.0 = Debug|Any CPU
		{EE5EBD3C-D358-47D1-9603-4455C140581A}.Release|Any CPU.ActiveCfg = Release|Any CPU
		{EE5EBD3C-D358-47D1-9603-4455C140581A}.Release|Any CPU.Build.0 = Release|Any CPU
		{FC20C4B2-C04D-4CF7-8863-C7C79BF76A7A}.Debug|Any CPU.ActiveCfg = Debug|Any CPU
		{FC20C4B2-C04D-4CF7-8863-C7C79BF76A7A}.Debug|Any CPU.Build.0 = Debug|Any CPU
		{FC20C4B2-C04D-4CF7-8863-C7C79BF76A7A}.Release|Any CPU.ActiveCfg = Release|Any CPU
		{FC20C4B2-C04D-4CF7-8863-C7C79BF76A7A}.Release|Any CPU.Build.0 = Release|Any CPU
		{FA91D81E-595F-4176-AFEE-698DF7020FE6}.Debug|Any CPU.ActiveCfg = Debug|Any CPU
		{FA91D81E-595F-4176-AFEE-698DF7020FE6}.Debug|Any CPU.Build.0 = Debug|Any CPU
		{FA91D81E-595F-4176-AFEE-698DF7020FE6}.Release|Any CPU.ActiveCfg = Release|Any CPU
		{FA91D81E-595F-4176-AFEE-698DF7020FE6}.Release|Any CPU.Build.0 = Release|Any CPU
		{53388340-9708-4A5A-8827-FD480C22AD45}.Debug|Any CPU.ActiveCfg = Debug|Any CPU
		{53388340-9708-4A5A-8827-FD480C22AD45}.Debug|Any CPU.Build.0 = Debug|Any CPU
		{53388340-9708-4A5A-8827-FD480C22AD45}.Release|Any CPU.ActiveCfg = Release|Any CPU
		{53388340-9708-4A5A-8827-FD480C22AD45}.Release|Any CPU.Build.0 = Release|Any CPU
	EndGlobalSection
	GlobalSection(SolutionProperties) = preSolution
		HideSolutionNode = FALSE
	EndGlobalSection
	GlobalSection(NestedProjects) = preSolution
		{8F75E30B-4CE5-4DBE-B96C-3B5274652413} = {DB4356FD-A460-4672-95CF-1D8DBD4D44A2}
		{88754664-0768-4CE0-A42B-61CD783F56D8} = {DB4356FD-A460-4672-95CF-1D8DBD4D44A2}
		{FC1FD8EC-AA00-4200-8450-C01E56C7ED15} = {DB4356FD-A460-4672-95CF-1D8DBD4D44A2}
		{99C43C31-1161-47C4-A4C1-649D28A18A9C} = {34BD954A-DA52-4F17-B7EF-C00A13444F2A}
		{2C0130BE-8FDA-46E9-8FD8-0F1550A3AD11} = {34BD954A-DA52-4F17-B7EF-C00A13444F2A}
		{B25BEB5F-4951-4D8D-82B2-6DB3FD7ECFFF} = {34BD954A-DA52-4F17-B7EF-C00A13444F2A}
		{EE5EBD3C-D358-47D1-9603-4455C140581A} = {34BD954A-DA52-4F17-B7EF-C00A13444F2A}
		{FC20C4B2-C04D-4CF7-8863-C7C79BF76A7A} = {34BD954A-DA52-4F17-B7EF-C00A13444F2A}
		{FA91D81E-595F-4176-AFEE-698DF7020FE6} = {B7E46512-D920-4A48-9D0A-C5056E000F24}
		{53388340-9708-4A5A-8827-FD480C22AD45} = {34BD954A-DA52-4F17-B7EF-C00A13444F2A}
	EndGlobalSection
	GlobalSection(ExtensibilityGlobals) = postSolution
		SolutionGuid = {4CBCD6D5-04CD-4282-8BCE-F7CAC8C9405C}
	EndGlobalSection
EndGlobal
